
Microsoft Visual Studio Solution File, Format Version 12.00
# Visual Studio Version 16
VisualStudioVersion = 16.0.30907.101
MinimumVisualStudioVersion = 10.0.40219.1
Project("{8BC9CEB8-8B4A-11D0-8D11-00A0C91BC942}") = "minimal", "minimal.vcxproj", "{64755BCF-01F4-433A-AA8F-4CB7873ABDD2}"
EndProject
Global
	GlobalSection(SolutionConfigurationPlatforms) = preSolution
		Debug|x64 = Debug|x64
		Debug|x86 = Debug|x86
		Release|x64 = Release|x64
		Release|x86 = Release|x86
	EndGlobalSection
	GlobalSection(ProjectConfigurationPlatforms) = postSolution
		{64755BCF-01F4-433A-AA8F-4CB7873ABDD2}.Debug|x64.ActiveCfg = Debug|x64
		{64755BCF-01F4-433A-AA8F-4CB7873ABDD2}.Debug|x64.Build.0 = Debug|x64
		{64755BCF-01F4-433A-AA8F-4CB7873ABDD2}.Debug|x86.ActiveCfg = Debug|Win32
		{64755BCF-01F4-433A-AA8F-4CB7873ABDD2}.Debug|x86.Build.0 = Debug|Win32
		{64755BCF-01F4-433A-AA8F-4CB7873ABDD2}.Release|x64.ActiveCfg = Release|x64
		{64755BCF-01F4-433A-AA8F-4CB7873ABDD2}.Release|x64.Build.0 = Release|x64
		{64755BCF-01F4-433A-AA8F-4CB7873ABDD2}.Release|x86.ActiveCfg = Release|Win32
		{64755BCF-01F4-433A-AA8F-4CB7873ABDD2}.Release|x86.Build.0 = Release|Win32
	EndGlobalSection
	GlobalSection(SolutionProperties) = preSolution
		HideSolutionNode = FALSE
	EndGlobalSection
	GlobalSection(ExtensibilityGlobals) = postSolution
		SolutionGuid = {D5483D30-A9BD-4B8D-92FB-9E9C5BFD3F63}
	EndGlobalSection
EndGlobal
